// !$*UTF8*$!
{
	archiveVersion = 1;
	classes = {
	};
	objectVersion = 50;
	objects = {

/* Begin PBXBuildFile section */
		814EF03A2936F288001FA81A /* main.cpp in Sources */ = {isa = PBXBuildFile; fileRef = 814EF0392936F288001FA81A /* main.cpp */; };
		814EF0432936F357001FA81A /* Graph.cpp in Sources */ = {isa = PBXBuildFile; fileRef = 814EF0412936F357001FA81A /* Graph.cpp */; };
		814EF0472936F69D001FA81A /* Trajectory.cpp in Sources */ = {isa = PBXBuildFile; fileRef = 814EF0452936F69D001FA81A /* Trajectory.cpp */; };
		814EF04B2936F8D4001FA81A /* Compressor.cpp in Sources */ = {isa = PBXBuildFile; fileRef = 814EF0492936F8D4001FA81A /* Compressor.cpp */; };
/* End PBXBuildFile section */

/* Begin PBXCopyFilesBuildPhase section */
		814EF0342936F288001FA81A /* CopyFiles */ = {
			isa = PBXCopyFilesBuildPhase;
			buildActionMask = 2147483647;
			dstPath = /usr/share/man/man1/;
			dstSubfolderSpec = 0;
			files = (
			);
			runOnlyForDeploymentPostprocessing = 1;
		};
/* End PBXCopyFilesBuildPhase section */

/* Begin PBXFileReference section */
		814EF0362936F288001FA81A /* PPTS */ = {isa = PBXFileReference; explicitFileType = "compiled.mach-o.executable"; includeInIndex = 0; path = PPTS; sourceTree = BUILT_PRODUCTS_DIR; };
		814EF0392936F288001FA81A /* main.cpp */ = {isa = PBXFileReference; lastKnownFileType = sourcecode.cpp.cpp; path = main.cpp; sourceTree = "<group>"; };
		814EF0412936F357001FA81A /* Graph.cpp */ = {isa = PBXFileReference; lastKnownFileType = sourcecode.cpp.cpp; path = Graph.cpp; sourceTree = "<group>"; };
		814EF0422936F357001FA81A /* Graph.hpp */ = {isa = PBXFileReference; lastKnownFileType = sourcecode.cpp.h; path = Graph.hpp; sourceTree = "<group>"; };
		814EF0452936F69D001FA81A /* Trajectory.cpp */ = {isa = PBXFileReference; lastKnownFileType = sourcecode.cpp.cpp; path = Trajectory.cpp; sourceTree = "<group>"; };
		814EF0462936F69D001FA81A /* Trajectory.hpp */ = {isa = PBXFileReference; lastKnownFileType = sourcecode.cpp.h; path = Trajectory.hpp; sourceTree = "<group>"; };
		814EF0492936F8D4001FA81A /* Compressor.cpp */ = {isa = PBXFileReference; lastKnownFileType = sourcecode.cpp.cpp; path = Compressor.cpp; sourceTree = "<group>"; };
		814EF04A2936F8D4001FA81A /* Compressor.hpp */ = {isa = PBXFileReference; lastKnownFileType = sourcecode.cpp.h; path = Compressor.hpp; sourceTree = "<group>"; };
/* End PBXFileReference section */

/* Begin PBXFrameworksBuildPhase section */
		814EF0332936F288001FA81A /* Frameworks */ = {
			isa = PBXFrameworksBuildPhase;
			buildActionMask = 2147483647;
			files = (
			);
			runOnlyForDeploymentPostprocessing = 0;
		};
/* End PBXFrameworksBuildPhase section */

/* Begin PBXGroup section */
		814EF02D2936F288001FA81A = {
			isa = PBXGroup;
			children = (
				814EF0382936F288001FA81A /* PPTS */,
				814EF0372936F288001FA81A /* Products */,
			);
			sourceTree = "<group>";
		};
		814EF0372936F288001FA81A /* Products */ = {
			isa = PBXGroup;
			children = (
				814EF0362936F288001FA81A /* PPTS */,
			);
			name = Products;
			sourceTree = "<group>";
		};
		814EF0382936F288001FA81A /* PPTS */ = {
			isa = PBXGroup;
			children = (
				814EF0392936F288001FA81A /* main.cpp */,
				814EF0412936F357001FA81A /* Graph.cpp */,
				814EF0422936F357001FA81A /* Graph.hpp */,
				814EF0452936F69D001FA81A /* Trajectory.cpp */,
				814EF0462936F69D001FA81A /* Trajectory.hpp */,
				814EF0492936F8D4001FA81A /* Compressor.cpp */,
				814EF04A2936F8D4001FA81A /* Compressor.hpp */,
			);
			path = PPTS;
			sourceTree = "<group>";
		};
/* End PBXGroup section */

/* Begin PBXNativeTarget section */
		814EF0352936F288001FA81A /* PPTS */ = {
			isa = PBXNativeTarget;
			buildConfigurationList = 814EF03D2936F288001FA81A /* Build configuration list for PBXNativeTarget "PPTS" */;
			buildPhases = (
				814EF0322936F288001FA81A /* Sources */,
				814EF0332936F288001FA81A /* Frameworks */,
				814EF0342936F288001FA81A /* CopyFiles */,
			);
			buildRules = (
			);
			dependencies = (
			);
			name = PPTS;
			productName = PPTS;
			productReference = 814EF0362936F288001FA81A /* PPTS */;
			productType = "com.apple.product-type.tool";
		};
/* End PBXNativeTarget section */

/* Begin PBXProject section */
		814EF02E2936F288001FA81A /* Project object */ = {
			isa = PBXProject;
			attributes = {
				LastUpgradeCheck = 1240;
				TargetAttributes = {
					814EF0352936F288001FA81A = {
						CreatedOnToolsVersion = 12.4;
					};
				};
			};
			buildConfigurationList = 814EF0312936F288001FA81A /* Build configuration list for PBXProject "PPTS" */;
			compatibilityVersion = "Xcode 9.3";
			developmentRegion = en;
			hasScannedForEncodings = 0;
			knownRegions = (
				en,
				Base,
			);
			mainGroup = 814EF02D2936F288001FA81A;
			productRefGroup = 814EF0372936F288001FA81A /* Products */;
			projectDirPath = "";
			projectRoot = "";
			targets = (
				814EF0352936F288001FA81A /* PPTS */,
			);
		};
/* End PBXProject section */

/* Begin PBXSourcesBuildPhase section */
		814EF0322936F288001FA81A /* Sources */ = {
			isa = PBXSourcesBuildPhase;
			buildActionMask = 2147483647;
			files = (
				814EF04B2936F8D4001FA81A /* Compressor.cpp in Sources */,
				814EF0472936F69D001FA81A /* Trajectory.cpp in Sources */,
				814EF0432936F357001FA81A /* Graph.cpp in Sources */,
				814EF03A2936F288001FA81A /* main.cpp in Sources */,
			);
			runOnlyForDeploymentPostprocessing = 0;
		};
/* End PBXSourcesBuildPhase section */

/* Begin XCBuildConfiguration section */
		814EF03B2936F288001FA81A /* Debug */ = {
			isa = XCBuildConfiguration;
			buildSettings = {
				ALWAYS_SEARCH_USER_PATHS = NO;
				CLANG_ANALYZER_NONNULL = YES;
				CLANG_ANALYZER_NUMBER_OBJECT_CONVERSION = YES_AGGRESSIVE;
				CLANG_CXX_LANGUAGE_STANDARD = "gnu++14";
				CLANG_CXX_LIBRARY = "libc++";
				CLANG_ENABLE_MODULES = YES;
				CLANG_ENABLE_OBJC_ARC = YES;
				CLANG_ENABLE_OBJC_WEAK = YES;
				CLANG_WARN_BLOCK_CAPTURE_AUTORELEASING = YES;
				CLANG_WARN_BOOL_CONVERSION = YES;
				CLANG_WARN_COMMA = YES;
				CLANG_WARN_CONSTANT_CONVERSION = YES;
				CLANG_WARN_DEPRECATED_OBJC_IMPLEMENTATIONS = YES;
				CLANG_WARN_DIRECT_OBJC_ISA_USAGE = YES_ERROR;
				CLANG_WARN_DOCUMENTATION_COMMENTS = YES;
				CLANG_WARN_EMPTY_BODY = YES;
				CLANG_WARN_ENUM_CONVERSION = YES;
				CLANG_WARN_INFINITE_RECURSION = YES;
				CLANG_WARN_INT_CONVERSION = YES;
				CLANG_WARN_NON_LITERAL_NULL_CONVERSION = YES;
				CLANG_WARN_OBJC_IMPLICIT_RETAIN_SELF = YES;
				CLANG_WARN_OBJC_LITERAL_CONVERSION = YES;
				CLANG_WARN_OBJC_ROOT_CLASS = YES_ERROR;
				CLANG_WARN_QUOTED_INCLUDE_IN_FRAMEWORK_HEADER = YES;
				CLANG_WARN_RANGE_LOOP_ANALYSIS = YES;
				CLANG_WARN_STRICT_PROTOTYPES = YES;
				CLANG_WARN_SUSPICIOUS_MOVE = YES;
				CLANG_WARN_UNGUARDED_AVAILABILITY = YES_AGGRESSIVE;
				CLANG_WARN_UNREACHABLE_CODE = YES;
				CLANG_WARN__DUPLICATE_METHOD_MATCH = YES;
				COPY_PHASE_STRIP = NO;
				DEBUG_INFORMATION_FORMAT = dwarf;
				ENABLE_STRICT_OBJC_MSGSEND = YES;
				ENABLE_TESTABILITY = YES;
				GCC_C_LANGUAGE_STANDARD = gnu11;
				GCC_DYNAMIC_NO_PIC = NO;
				GCC_NO_COMMON_BLOCKS = YES;
				GCC_OPTIMIZATION_LEVEL = 0;
				GCC_PREPROCESSOR_DEFINITIONS = (
					"DEBUG=1",
					"$(inherited)",
				);
				GCC_WARN_64_TO_32_BIT_CONVERSION = YES;
				GCC_WARN_ABOUT_RETURN_TYPE = YES_ERROR;
				GCC_WARN_UNDECLARED_SELECTOR = YES;
				GCC_WARN_UNINITIALIZED_AUTOS = YES_AGGRESSIVE;
				GCC_WARN_UNUSED_FUNCTION = YES;
				GCC_WARN_UNUSED_VARIABLE = YES;
				MACOSX_DEPLOYMENT_TARGET = 11.1;
				MTL_ENABLE_DEBUG_INFO = INCLUDE_SOURCE;
				MTL_FAST_MATH = YES;
				ONLY_ACTIVE_ARCH = YES;
				SDKROOT = macosx;
			};
			name = Debug;
		};
		814EF03C2936F288001FA81A /* Release */ = {
			isa = XCBuildConfiguration;
			buildSettings = {
				ALWAYS_SEARCH_USER_PATHS = NO;
				CLANG_ANALYZER_NONNULL = YES;
				CLANG_ANALYZER_NUMBER_OBJECT_CONVERSION = YES_AGGRESSIVE;
				CLANG_CXX_LANGUAGE_STANDARD = "gnu++14";
				CLANG_CXX_LIBRARY = "libc++";
				CLANG_ENABLE_MODULES = YES;
				CLANG_ENABLE_OBJC_ARC = YES;
				CLANG_ENABLE_OBJC_WEAK = YES;
				CLANG_WARN_BLOCK_CAPTURE_AUTORELEASING = YES;
				CLANG_WARN_BOOL_CONVERSION = YES;
				CLANG_WARN_COMMA = YES;
				CLANG_WARN_CONSTANT_CONVERSION = YES;
				CLANG_WARN_DEPRECATED_OBJC_IMPLEMENTATIONS = YES;
				CLANG_WARN_DIRECT_OBJC_ISA_USAGE = YES_ERROR;
				CLANG_WARN_DOCUMENTATION_COMMENTS = YES;
				CLANG_WARN_EMPTY_BODY = YES;
				CLANG_WARN_ENUM_CONVERSION = YES;
				CLANG_WARN_INFINITE_RECURSION = YES;
				CLANG_WARN_INT_CONVERSION = YES;
				CLANG_WARN_NON_LITERAL_NULL_CONVERSION = YES;
				CLANG_WARN_OBJC_IMPLICIT_RETAIN_SELF = YES;
				CLANG_WARN_OBJC_LITERAL_CONVERSION = YES;
				CLANG_WARN_OBJC_ROOT_CLASS = YES_ERROR;
				CLANG_WARN_QUOTED_INCLUDE_IN_FRAMEWORK_HEADER = YES;
				CLANG_WARN_RANGE_LOOP_ANALYSIS = YES;
				CLANG_WARN_STRICT_PROTOTYPES = YES;
				CLANG_WARN_SUSPICIOUS_MOVE = YES;
				CLANG_WARN_UNGUARDED_AVAILABILITY = YES_AGGRESSIVE;
				CLANG_WARN_UNREACHABLE_CODE = YES;
				CLANG_WARN__DUPLICATE_METHOD_MATCH = YES;
				COPY_PHASE_STRIP = NO;
				DEBUG_INFORMATION_FORMAT = "dwarf-with-dsym";
				ENABLE_NS_ASSERTIONS = NO;
				ENABLE_STRICT_OBJC_MSGSEND = YES;
				GCC_C_LANGUAGE_STANDARD = gnu11;
				GCC_NO_COMMON_BLOCKS = YES;
				GCC_WARN_64_TO_32_BIT_CONVERSION = YES;
				GCC_WARN_ABOUT_RETURN_TYPE = YES_ERROR;
				GCC_WARN_UNDECLARED_SELECTOR = YES;
				GCC_WARN_UNINITIALIZED_AUTOS = YES_AGGRESSIVE;
				GCC_WARN_UNUSED_FUNCTION = YES;
				GCC_WARN_UNUSED_VARIABLE = YES;
				MACOSX_DEPLOYMENT_TARGET = 11.1;
				MTL_ENABLE_DEBUG_INFO = NO;
				MTL_FAST_MATH = YES;
				SDKROOT = macosx;
			};
			name = Release;
		};
		814EF03E2936F288001FA81A /* Debug */ = {
			isa = XCBuildConfiguration;
			buildSettings = {
				CODE_SIGN_STYLE = Automatic;
				PRODUCT_NAME = "$(TARGET_NAME)";
			};
			name = Debug;
		};
		814EF03F2936F288001FA81A /* Release */ = {
			isa = XCBuildConfiguration;
			buildSettings = {
				CODE_SIGN_STYLE = Automatic;
				PRODUCT_NAME = "$(TARGET_NAME)";
			};
			name = Release;
		};
/* End XCBuildConfiguration section */

/* Begin XCConfigurationList section */
		814EF0312936F288001FA81A /* Build configuration list for PBXProject "PPTS" */ = {
			isa = XCConfigurationList;
			buildConfigurations = (
				814EF03B2936F288001FA81A /* Debug */,
				814EF03C2936F288001FA81A /* Release */,
			);
			defaultConfigurationIsVisible = 0;
			defaultConfigurationName = Release;
		};
		814EF03D2936F288001FA81A /* Build configuration list for PBXNativeTarget "PPTS" */ = {
			isa = XCConfigurationList;
			buildConfigurations = (
				814EF03E2936F288001FA81A /* Debug */,
				814EF03F2936F288001FA81A /* Release */,
			);
			defaultConfigurationIsVisible = 0;
			defaultConfigurationName = Release;
		};
/* End XCConfigurationList section */
	};
	rootObject = 814EF02E2936F288001FA81A /* Project object */;
}
